// !$*UTF8*$!
{
	archiveVersion = 1;
	classes = {
	};
	objectVersion = 77;
	objects = {

/* Begin PBXContainerItemProxy section */
		5CB1CD162EF0C60C004E831F /* PBXContainerItemProxy */ = {
			isa = PBXContainerItemProxy;
			containerPortal = 5CB1CD002EF0C60B004E831F /* Project object */;
			proxyType = 1;
			remoteGlobalIDString = 5CB1CD072EF0C60B004E831F;
			remoteInfo = RailsDemo;
		};
		5CB1CD202EF0C60C004E831F /* PBXContainerItemProxy */ = {
			isa = PBXContainerItemProxy;
			containerPortal = 5CB1CD002EF0C60B004E831F /* Project object */;
			proxyType = 1;
			remoteGlobalIDString = 5CB1CD072EF0C60B004E831F;
			remoteInfo = RailsDemo;
		};
/* End PBXContainerItemProxy section */

/* Begin PBXFileReference section */
		5CB1CD082EF0C60B004E831F /* RailsDemo.app */ = {isa = PBXFileReference; explicitFileType = wrapper.application; includeInIndex = 0; path = RailsDemo.app; sourceTree = BUILT_PRODUCTS_DIR; };
		5CB1CD152EF0C60C004E831F /* RailsDemoTests.xctest */ = {isa = PBXFileReference; explicitFileType = wrapper.cfbundle; includeInIndex = 0; path = RailsDemoTests.xctest; sourceTree = BUILT_PRODUCTS_DIR; };
		5CB1CD1F2EF0C60C004E831F /* RailsDemoUITests.xctest */ = {isa = PBXFileReference; explicitFileType = wrapper.cfbundle; includeInIndex = 0; path = RailsDemoUITests.xctest; sourceTree = BUILT_PRODUCTS_DIR; };
/* End PBXFileReference section */

/* Begin PBXFileSystemSynchronizedRootGroup section */
		5CB1CD0A2EF0C60B004E831F /* RailsDemo */ = {
			isa = PBXFileSystemSynchronizedRootGroup;
			path = RailsDemo;
			sourceTree = "<group>";
		};
		5CB1CD182EF0C60C004E831F /* RailsDemoTests */ = {
			isa = PBXFileSystemSynchronizedRootGroup;
			path = RailsDemoTests;
			sourceTree = "<group>";
		};
		5CB1CD222EF0C60C004E831F /* RailsDemoUITests */ = {
			isa = PBXFileSystemSynchronizedRootGroup;
			path = RailsDemoUITests;
			sourceTree = "<group>";
		};
/* End PBXFileSystemSynchronizedRootGroup section */

/* Begin PBXFrameworksBuildPhase section */
		5CB1CD052EF0C60B004E831F /* Frameworks */ = {
			isa = PBXFrameworksBuildPhase;
			buildActionMask = 2147483647;
			files = (
			);
			runOnlyForDeploymentPostprocessing = 0;
		};
		5CB1CD122EF0C60C004E831F /* Frameworks */ = {
			isa = PBXFrameworksBuildPhase;
			buildActionMask = 2147483647;
			files = (
			);
			runOnlyForDeploymentPostprocessing = 0;
		};
		5CB1CD1C2EF0C60C004E831F /* Frameworks */ = {
			isa = PBXFrameworksBuildPhase;
			buildActionMask = 2147483647;
			files = (
			);
			runOnlyForDeploymentPostprocessing = 0;
		};
/* End PBXFrameworksBuildPhase section */

/* Begin PBXGroup section */
		5CB1CCFF2EF0C60B004E831F = {
			isa = PBXGroup;
			children = (
				5CB1CD0A2EF0C60B004E831F /* RailsDemo */,
				5CB1CD182EF0C60C004E831F /* RailsDemoTests */,
				5CB1CD222EF0C60C004E831F /* RailsDemoUITests */,
				5CB1CD092EF0C60B004E831F /* Products */,
			);
			sourceTree = "<group>";
		};
		5CB1CD092EF0C60B004E831F /* Products */ = {
			isa = PBXGroup;
			children = (
				5CB1CD082EF0C60B004E831F /* RailsDemo.app */,
				5CB1CD152EF0C60C004E831F /* RailsDemoTests.xctest */,
				5CB1CD1F2EF0C60C004E831F /* RailsDemoUITests.xctest */,
			);
			name = Products;
			sourceTree = "<group>";
		};
/* End PBXGroup section */

/* Begin PBXNativeTarget section */
		5CB1CD072EF0C60B004E831F /* RailsDemo */ = {
			isa = PBXNativeTarget;
			buildConfigurationList = 5CB1CD292EF0C60C004E831F /* Build configuration list for PBXNativeTarget "RailsDemo" */;
			buildPhases = (
				5CB1CD042EF0C60B004E831F /* Sources */,
				5CB1CD052EF0C60B004E831F /* Frameworks */,
				5CB1CD062EF0C60B004E831F /* Resources */,
			);
			buildRules = (
			);
			dependencies = (
			);
			fileSystemSynchronizedGroups = (
				5CB1CD0A2EF0C60B004E831F /* RailsDemo */,
			);
			name = RailsDemo;
			packageProductDependencies = (
			);
			productName = RailsDemo;
			productReference = 5CB1CD082EF0C60B004E831F /* RailsDemo.app */;
			productType = "com.apple.product-type.application";
		};
		5CB1CD142EF0C60C004E831F /* RailsDemoTests */ = {
			isa = PBXNativeTarget;
			buildConfigurationList = 5CB1CD2C2EF0C60C004E831F /* Build configuration list for PBXNativeTarget "RailsDemoTests" */;
			buildPhases = (
				5CB1CD112EF0C60C004E831F /* Sources */,
				5CB1CD122EF0C60C004E831F /* Frameworks */,
				5CB1CD132EF0C60C004E831F /* Resources */,
			);
			buildRules = (
			);
			dependencies = (
				5CB1CD172EF0C60C004E831F /* PBXTargetDependency */,
			);
			fileSystemSynchronizedGroups = (
				5CB1CD182EF0C60C004E831F /* RailsDemoTests */,
			);
			name = RailsDemoTests;
			packageProductDependencies = (
			);
			productName = RailsDemoTests;
			productReference = 5CB1CD152EF0C60C004E831F /* RailsDemoTests.xctest */;
			productType = "com.apple.product-type.bundle.unit-test";
		};
		5CB1CD1E2EF0C60C004E831F /* RailsDemoUITests */ = {
			isa = PBXNativeTarget;
			buildConfigurationList = 5CB1CD2F2EF0C60C004E831F /* Build configuration list for PBXNativeTarget "RailsDemoUITests" */;
			buildPhases = (
				5CB1CD1B2EF0C60C004E831F /* Sources */,
				5CB1CD1C2EF0C60C004E831F /* Frameworks */,
				5CB1CD1D2EF0C60C004E831F /* Resources */,
			);
			buildRules = (
			);
			dependencies = (
				5CB1CD212EF0C60C004E831F /* PBXTargetDependency */,
			);
			fileSystemSynchronizedGroups = (
				5CB1CD222EF0C60C004E831F /* RailsDemoUITests */,
			);
			name = RailsDemoUITests;
			packageProductDependencies = (
			);
			productName = RailsDemoUITests;
			productReference = 5CB1CD1F2EF0C60C004E831F /* RailsDemoUITests.xctest */;
			productType = "com.apple.product-type.bundle.ui-testing";
		};
/* End PBXNativeTarget section */

/* Begin PBXProject section */
		5CB1CD002EF0C60B004E831F /* Project object */ = {
			isa = PBXProject;
			attributes = {
				BuildIndependentTargetsInParallel = 1;
				LastSwiftUpdateCheck = 1640;
				LastUpgradeCheck = 1640;
				TargetAttributes = {
					5CB1CD072EF0C60B004E831F = {
						CreatedOnToolsVersion = 16.4;
					};
					5CB1CD142EF0C60C004E831F = {
						CreatedOnToolsVersion = 16.4;
						TestTargetID = 5CB1CD072EF0C60B004E831F;
					};
					5CB1CD1E2EF0C60C004E831F = {
						CreatedOnToolsVersion = 16.4;
						TestTargetID = 5CB1CD072EF0C60B004E831F;
					};
				};
			};
			buildConfigurationList = 5CB1CD032EF0C60B004E831F /* Build configuration list for PBXProject "RailsDemo" */;
			developmentRegion = en;
			hasScannedForEncodings = 0;
			knownRegions = (
				en,
				Base,
			);
			mainGroup = 5CB1CCFF2EF0C60B004E831F;
			minimizedProjectReferenceProxies = 1;
			preferredProjectObjectVersion = 77;
			productRefGroup = 5CB1CD092EF0C60B004E831F /* Products */;
			projectDirPath = "";
			projectRoot = "";
			targets = (
				5CB1CD072EF0C60B004E831F /* RailsDemo */,
				5CB1CD142EF0C60C004E831F /* RailsDemoTests */,
				5CB1CD1E2EF0C60C004E831F /* RailsDemoUITests */,
			);
		};
/* End PBXProject section */

/* Begin PBXResourcesBuildPhase section */
		5CB1CD062EF0C60B004E831F /* Resources */ = {
			isa = PBXResourcesBuildPhase;
			buildActionMask = 2147483647;
			files = (
			);
			runOnlyForDeploymentPostprocessing = 0;
		};
		5CB1CD132EF0C60C004E831F /* Resources */ = {
			isa = PBXResourcesBuildPhase;
			buildActionMask = 2147483647;
			files = (
			);
			runOnlyForDeploymentPostprocessing = 0;
		};
		5CB1CD1D2EF0C60C004E831F /* Resources */ = {
			isa = PBXResourcesBuildPhase;
			buildActionMask = 2147483647;
			files = (
			);
			runOnlyForDeploymentPostprocessing = 0;
		};
/* End PBXResourcesBuildPhase section */

/* Begin PBXSourcesBuildPhase section */
		5CB1CD042EF0C60B004E831F /* Sources */ = {
			isa = PBXSourcesBuildPhase;
			buildActionMask = 2147483647;
			files = (
			);
			runOnlyForDeploymentPostprocessing = 0;
		};
		5CB1CD112EF0C60C004E831F /* Sources */ = {
			isa = PBXSourcesBuildPhase;
			buildActionMask = 2147483647;
			files = (
			);
			runOnlyForDeploymentPostprocessing = 0;
		};
		5CB1CD1B2EF0C60C004E831F /* Sources */ = {
			isa = PBXSourcesBuildPhase;
			buildActionMask = 2147483647;
			files = (
			);
			runOnlyForDeploymentPostprocessing = 0;
		};
/* End PBXSourcesBuildPhase section */

/* Begin PBXTargetDependency section */
		5CB1CD172EF0C60C004E831F /* PBXTargetDependency */ = {
			isa = PBXTargetDependency;
			target = 5CB1CD072EF0C60B004E831F /* RailsDemo */;
			targetProxy = 5CB1CD162EF0C60C004E831F /* PBXContainerItemProxy */;
		};
		5CB1CD212EF0C60C004E831F /* PBXTargetDependency */ = {
			isa = PBXTargetDependency;
			target = 5CB1CD072EF0C60B004E831F /* RailsDemo */;
			targetProxy = 5CB1CD202EF0C60C004E831F /* PBXContainerItemProxy */;
		};
/* End PBXTargetDependency section */

/* Begin XCBuildConfiguration section */
		5CB1CD272EF0C60C004E831F /* Debug */ = {
			isa = XCBuildConfiguration;
			buildSettings = {
				ALWAYS_SEARCH_USER_PATHS = NO;
				ASSETCATALOG_COMPILER_GENERATE_SWIFT_ASSET_SYMBOL_EXTENSIONS = YES;
				CLANG_ANALYZER_NONNULL = YES;
				CLANG_ANALYZER_NUMBER_OBJECT_CONVERSION = YES_AGGRESSIVE;
				CLANG_CXX_LANGUAGE_STANDARD = "gnu++20";
				CLANG_ENABLE_MODULES = YES;
				CLANG_ENABLE_OBJC_ARC = YES;
				CLANG_ENABLE_OBJC_WEAK = YES;
				CLANG_WARN_BLOCK_CAPTURE_AUTORELEASING = YES;
				CLANG_WARN_BOOL_CONVERSION = YES;
				CLANG_WARN_COMMA = YES;
				CLANG_WARN_CONSTANT_CONVERSION = YES;
				CLANG_WARN_DEPRECATED_OBJC_IMPLEMENTATIONS = YES;
				CLANG_WARN_DIRECT_OBJC_ISA_USAGE = YES_ERROR;
				CLANG_WARN_DOCUMENTATION_COMMENTS = YES;
				CLANG_WARN_EMPTY_BODY = YES;
				CLANG_WARN_ENUM_CONVERSION = YES;
				CLANG_WARN_INFINITE_RECURSION = YES;
				CLANG_WARN_INT_CONVERSION = YES;
				CLANG_WARN_NON_LITERAL_NULL_CONVERSION = YES;
				CLANG_WARN_OBJC_IMPLICIT_RETAIN_SELF = YES;
				CLANG_WARN_OBJC_LITERAL_CONVERSION = YES;
				CLANG_WARN_OBJC_ROOT_CLASS = YES_ERROR;
				CLANG_WARN_QUOTED_INCLUDE_IN_FRAMEWORK_HEADER = YES;
				CLANG_WARN_RANGE_LOOP_ANALYSIS = YES;
				CLANG_WARN_STRICT_PROTOTYPES = YES;
				CLANG_WARN_SUSPICIOUS_MOVE = YES;
				CLANG_WARN_UNGUARDED_AVAILABILITY = YES_AGGRESSIVE;
				CLANG_WARN_UNREACHABLE_CODE = YES;
				CLANG_WARN__DUPLICATE_METHOD_MATCH = YES;
				COPY_PHASE_STRIP = NO;
				DEBUG_INFORMATION_FORMAT = dwarf;
				DEVELOPMENT_TEAM = 3RM38WGD7H;
				ENABLE_STRICT_OBJC_MSGSEND = YES;
				ENABLE_TESTABILITY = YES;
				ENABLE_USER_SCRIPT_SANDBOXING = YES;
				GCC_C_LANGUAGE_STANDARD = gnu17;
				GCC_DYNAMIC_NO_PIC = NO;
				GCC_NO_COMMON_BLOCKS = YES;
				GCC_OPTIMIZATION_LEVEL = 0;
				GCC_PREPROCESSOR_DEFINITIONS = (
					"DEBUG=1",
					"$(inherited)",
				);
				GCC_WARN_64_TO_32_BIT_CONVERSION = YES;
				GCC_WARN_ABOUT_RETURN_TYPE = YES_ERROR;
				GCC_WARN_UNDECLARED_SELECTOR = YES;
				GCC_WARN_UNINITIALIZED_AUTOS = YES_AGGRESSIVE;
				GCC_WARN_UNUSED_FUNCTION = YES;
				GCC_WARN_UNUSED_VARIABLE = YES;
				IPHONEOS_DEPLOYMENT_TARGET = 18.5;
				LOCALIZATION_PREFERS_STRING_CATALOGS = YES;
				MTL_ENABLE_DEBUG_INFO = INCLUDE_SOURCE;
				MTL_FAST_MATH = YES;
				ONLY_ACTIVE_ARCH = YES;
				SDKROOT = iphoneos;
				SWIFT_ACTIVE_COMPILATION_CONDITIONS = "DEBUG $(inherited)";
				SWIFT_OPTIMIZATION_LEVEL = "-Onone";
			};
			name = Debug;
		};
		5CB1CD282EF0C60C004E831F /* Release */ = {
			isa = XCBuildConfiguration;
			buildSettings = {
				ALWAYS_SEARCH_USER_PATHS = NO;
				ASSETCATALOG_COMPILER_GENERATE_SWIFT_ASSET_SYMBOL_EXTENSIONS = YES;
				CLANG_ANALYZER_NONNULL = YES;
				CLANG_ANALYZER_NUMBER_OBJECT_CONVERSION = YES_AGGRESSIVE;
				CLANG_CXX_LANGUAGE_STANDARD = "gnu++20";
				CLANG_ENABLE_MODULES = YES;
				CLANG_ENABLE_OBJC_ARC = YES;
				CLANG_ENABLE_OBJC_WEAK = YES;
				CLANG_WARN_BLOCK_CAPTURE_AUTORELEASING = YES;
				CLANG_WARN_BOOL_CONVERSION = YES;
				CLANG_WARN_COMMA = YES;
				CLANG_WARN_CONSTANT_CONVERSION = YES;
				CLANG_WARN_DEPRECATED_OBJC_IMPLEMENTATIONS = YES;
				CLANG_WARN_DIRECT_OBJC_ISA_USAGE = YES_ERROR;
				CLANG_WARN_DOCUMENTATION_COMMENTS = YES;
				CLANG_WARN_EMPTY_BODY = YES;
				CLANG_WARN_ENUM_CONVERSION = YES;
				CLANG_WARN_INFINITE_RECURSION = YES;
				CLANG_WARN_INT_CONVERSION = YES;
				CLANG_WARN_NON_LITERAL_NULL_CONVERSION = YES;
				CLANG_WARN_OBJC_IMPLICIT_RETAIN_SELF = YES;
				CLANG_WARN_OBJC_LITERAL_CONVERSION = YES;
				CLANG_WARN_OBJC_ROOT_CLASS = YES_ERROR;
				CLANG_WARN_QUOTED_INCLUDE_IN_FRAMEWORK_HEADER = YES;
				CLANG_WARN_RANGE_LOOP_ANALYSIS = YES;
				CLANG_WARN_STRICT_PROTOTYPES = YES;
				CLANG_WARN_SUSPICIOUS_MOVE = YES;
				CLANG_WARN_UNGUARDED_AVAILABILITY = YES_AGGRESSIVE;
				CLANG_WARN_UNREACHABLE_CODE = YES;
				CLANG_WARN__DUPLICATE_METHOD_MATCH = YES;
				COPY_PHASE_STRIP = NO;
				DEBUG_INFORMATION_FORMAT = "dwarf-with-dsym";
				DEVELOPMENT_TEAM = 3RM38WGD7H;
				ENABLE_NS_ASSERTIONS = NO;
				ENABLE_STRICT_OBJC_MSGSEND = YES;
				ENABLE_USER_SCRIPT_SANDBOXING = YES;
				GCC_C_LANGUAGE_STANDARD = gnu17;
				GCC_NO_COMMON_BLOCKS = YES;
				GCC_WARN_64_TO_32_BIT_CONVERSION = YES;
				GCC_WARN_ABOUT_RETURN_TYPE = YES_ERROR;
				GCC_WARN_UNDECLARED_SELECTOR = YES;
				GCC_WARN_UNINITIALIZED_AUTOS = YES_AGGRESSIVE;
				GCC_WARN_UNUSED_FUNCTION = YES;
				GCC_WARN_UNUSED_VARIABLE = YES;
				IPHONEOS_DEPLOYMENT_TARGET = 18.5;
				LOCALIZATION_PREFERS_STRING_CATALOGS = YES;
				MTL_ENABLE_DEBUG_INFO = NO;
				MTL_FAST_MATH = YES;
				SDKROOT = iphoneos;
				SWIFT_COMPILATION_MODE = wholemodule;
				VALIDATE_PRODUCT = YES;
			};
			name = Release;
		};
		5CB1CD2A2EF0C60C004E831F /* Debug */ = {
			isa = XCBuildConfiguration;
			buildSettings = {
				ASSETCATALOG_COMPILER_APPICON_NAME = AppIcon;
				ASSETCATALOG_COMPILER_GLOBAL_ACCENT_COLOR_NAME = AccentColor;
				CODE_SIGN_STYLE = Automatic;
				CURRENT_PROJECT_VERSION = 1;
				DEVELOPMENT_TEAM = 3RM38WGD7H;
				ENABLE_PREVIEWS = YES;
				GENERATE_INFOPLIST_FILE = YES;
				INFOPLIST_KEY_UIApplicationSceneManifest_Generation = YES;
				INFOPLIST_KEY_UIApplicationSupportsIndirectInputEvents = YES;
				INFOPLIST_KEY_UILaunchScreen_Generation = YES;
				INFOPLIST_KEY_UISupportedInterfaceOrientations_iPad = "UIInterfaceOrientationPortrait UIInterfaceOrientationPortraitUpsideDown UIInterfaceOrientationLandscapeLeft UIInterfaceOrientationLandscapeRight";
				INFOPLIST_KEY_UISupportedInterfaceOrientations_iPhone = "UIInterfaceOrientationPortrait UIInterfaceOrientationLandscapeLeft UIInterfaceOrientationLandscapeRight";
				LD_RUNPATH_SEARCH_PATHS = (
					"$(inherited)",
					"@executable_path/Frameworks",
				);
				MARKETING_VERSION = 1.0;
				PRODUCT_BUNDLE_IDENTIFIER = com.jeremiahhawks.RailsDemo;
				PRODUCT_NAME = "$(TARGET_NAME)";
				SWIFT_EMIT_LOC_STRINGS = YES;
				SWIFT_VERSION = 5.0;
				TARGETED_DEVICE_FAMILY = "1,2";
			};
			name = Debug;
		};
		5CB1CD2B2EF0C60C004E831F /* Release */ = {
			isa = XCBuildConfiguration;
			buildSettings = {
				ASSETCATALOG_COMPILER_APPICON_NAME = AppIcon;
				ASSETCATALOG_COMPILER_GLOBAL_ACCENT_COLOR_NAME = AccentColor;
				CODE_SIGN_STYLE = Automatic;
				CURRENT_PROJECT_VERSION = 1;
				DEVELOPMENT_TEAM = 3RM38WGD7H;
				ENABLE_PREVIEWS = YES;
				GENERATE_INFOPLIST_FILE = YES;
				INFOPLIST_KEY_UIApplicationSceneManifest_Generation = YES;
				INFOPLIST_KEY_UIApplicationSupportsIndirectInputEvents = YES;
				INFOPLIST_KEY_UILaunchScreen_Generation = YES;
				INFOPLIST_KEY_UISupportedInterfaceOrientations_iPad = "UIInterfaceOrientationPortrait UIInterfaceOrientationPortraitUpsideDown UIInterfaceOrientationLandscapeLeft UIInterfaceOrientationLandscapeRight";
				INFOPLIST_KEY_UISupportedInterfaceOrientations_iPhone = "UIInterfaceOrientationPortrait UIInterfaceOrientationLandscapeLeft UIInterfaceOrientationLandscapeRight";
				LD_RUNPATH_SEARCH_PATHS = (
					"$(inherited)",
					"@executable_path/Frameworks",
				);
				MARKETING_VERSION = 1.0;
				PRODUCT_BUNDLE_IDENTIFIER = com.jeremiahhawks.RailsDemo;
				PRODUCT_NAME = "$(TARGET_NAME)";
				SWIFT_EMIT_LOC_STRINGS = YES;
				SWIFT_VERSION = 5.0;
				TARGETED_DEVICE_FAMILY = "1,2";
			};
			name = Release;
		};
		5CB1CD2D2EF0C60C004E831F /* Debug */ = {
			isa = XCBuildConfiguration;
			buildSettings = {
				BUNDLE_LOADER = "$(TEST_HOST)";
				CODE_SIGN_STYLE = Automatic;
				CURRENT_PROJECT_VERSION = 1;
				DEVELOPMENT_TEAM = 3RM38WGD7H;
				GENERATE_INFOPLIST_FILE = YES;
				IPHONEOS_DEPLOYMENT_TARGET = 18.5;
				MARKETING_VERSION = 1.0;
				PRODUCT_BUNDLE_IDENTIFIER = com.jeremiahhawks.RailsDemoTests;
				PRODUCT_NAME = "$(TARGET_NAME)";
				SWIFT_EMIT_LOC_STRINGS = NO;
				SWIFT_VERSION = 5.0;
				TARGETED_DEVICE_FAMILY = "1,2";
				TEST_HOST = "$(BUILT_PRODUCTS_DIR)/RailsDemo.app/$(BUNDLE_EXECUTABLE_FOLDER_PATH)/RailsDemo";
			};
			name = Debug;
		};
		5CB1CD2E2EF0C60C004E831F /* Release */ = {
			isa = XCBuildConfiguration;
			buildSettings = {
				BUNDLE_LOADER = "$(TEST_HOST)";
				CODE_SIGN_STYLE = Automatic;
				CURRENT_PROJECT_VERSION = 1;
				DEVELOPMENT_TEAM = 3RM38WGD7H;
				GENERATE_INFOPLIST_FILE = YES;
				IPHONEOS_DEPLOYMENT_TARGET = 18.5;
				MARKETING_VERSION = 1.0;
				PRODUCT_BUNDLE_IDENTIFIER = com.jeremiahhawks.RailsDemoTests;
				PRODUCT_NAME = "$(TARGET_NAME)";
				SWIFT_EMIT_LOC_STRINGS = NO;
				SWIFT_VERSION = 5.0;
				TARGETED_DEVICE_FAMILY = "1,2";
				TEST_HOST = "$(BUILT_PRODUCTS_DIR)/RailsDemo.app/$(BUNDLE_EXECUTABLE_FOLDER_PATH)/RailsDemo";
			};
			name = Release;
		};
		5CB1CD302EF0C60C004E831F /* Debug */ = {
			isa = XCBuildConfiguration;
			buildSettings = {
				CODE_SIGN_STYLE = Automatic;
				CURRENT_PROJECT_VERSION = 1;
				DEVELOPMENT_TEAM = 3RM38WGD7H;
				GENERATE_INFOPLIST_FILE = YES;
				MARKETING_VERSION = 1.0;
				PRODUCT_BUNDLE_IDENTIFIER = com.jeremiahhawks.RailsDemoUITests;
				PRODUCT_NAME = "$(TARGET_NAME)";
				SWIFT_EMIT_LOC_STRINGS = NO;
				SWIFT_VERSION = 5.0;
				TARGETED_DEVICE_FAMILY = "1,2";
				TEST_TARGET_NAME = RailsDemo;
			};
			name = Debug;
		};
		5CB1CD312EF0C60C004E831F /* Release */ = {
			isa = XCBuildConfiguration;
			buildSettings = {
				CODE_SIGN_STYLE = Automatic;
				CURRENT_PROJECT_VERSION = 1;
				DEVELOPMENT_TEAM = 3RM38WGD7H;
				GENERATE_INFOPLIST_FILE = YES;
				MARKETING_VERSION = 1.0;
				PRODUCT_BUNDLE_IDENTIFIER = com.jeremiahhawks.RailsDemoUITests;
				PRODUCT_NAME = "$(TARGET_NAME)";
				SWIFT_EMIT_LOC_STRINGS = NO;
				SWIFT_VERSION = 5.0;
				TARGETED_DEVICE_FAMILY = "1,2";
				TEST_TARGET_NAME = RailsDemo;
			};
			name = Release;
		};
/* End XCBuildConfiguration section */

/* Begin XCConfigurationList section */
		5CB1CD032EF0C60B004E831F /* Build configuration list for PBXProject "RailsDemo" */ = {
			isa = XCConfigurationList;
			buildConfigurations = (
				5CB1CD272EF0C60C004E831F /* Debug */,
				5CB1CD282EF0C60C004E831F /* Release */,
			);
			defaultConfigurationIsVisible = 0;
			defaultConfigurationName = Release;
		};
		5CB1CD292EF0C60C004E831F /* Build configuration list for PBXNativeTarget "RailsDemo" */ = {
			isa = XCConfigurationList;
			buildConfigurations = (
				5CB1CD2A2EF0C60C004E831F /* Debug */,
				5CB1CD2B2EF0C60C004E831F /* Release */,
			);
			defaultConfigurationIsVisible = 0;
			defaultConfigurationName = Release;
		};
		5CB1CD2C2EF0C60C004E831F /* Build configuration list for PBXNativeTarget "RailsDemoTests" */ = {
			isa = XCConfigurationList;
			buildConfigurations = (
				5CB1CD2D2EF0C60C004E831F /* Debug */,
				5CB1CD2E2EF0C60C004E831F /* Release */,
			);
			defaultConfigurationIsVisible = 0;
			defaultConfigurationName = Release;
		};
		5CB1CD2F2EF0C60C004E831F /* Build configuration list for PBXNativeTarget "RailsDemoUITests" */ = {
			isa = XCConfigurationList;
			buildConfigurations = (
				5CB1CD302EF0C60C004E831F /* Debug */,
				5CB1CD312EF0C60C004E831F /* Release */,
			);
			defaultConfigurationIsVisible = 0;
			defaultConfigurationName = Release;
		};
/* End XCConfigurationList section */
	};
	rootObject = 5CB1CD002EF0C60B004E831F /* Project object */;
}
